
Microsoft Visual Studio Solution File, Format Version 12.00
# Visual Studio Version 16
VisualStudioVersion = 16.0.33328.57
MinimumVisualStudioVersion = 10.0.40219.1
Project("{F2A71F9B-5D33-465A-A702-920D77279786}") = "SalesWebMVC", "SalesWebMVC\SalesWebMVC.fsproj", "{7064DAB3-CAD3-465E-BC3C-F6A32E2E5BBA}"
EndProject
Global
	GlobalSection(SolutionConfigurationPlatforms) = preSolution
		Debug|Any CPU = Debug|Any CPU
		Release|Any CPU = Release|Any CPU
	EndGlobalSection
	GlobalSection(ProjectConfigurationPlatforms) = postSolution
		{7064DAB3-CAD3-465E-BC3C-F6A32E2E5BBA}.Debug|Any CPU.ActiveCfg = Debug|Any CPU
		{7064DAB3-CAD3-465E-BC3C-F6A32E2E5BBA}.Debug|Any CPU.Build.0 = Debug|Any CPU
		{7064DAB3-CAD3-465E-BC3C-F6A32E2E5BBA}.Release|Any CPU.ActiveCfg = Release|Any CPU
		{7064DAB3-CAD3-465E-BC3C-F6A32E2E5BBA}.Release|Any CPU.Build.0 = Release|Any CPU
	EndGlobalSection
	GlobalSection(SolutionProperties) = preSolution
		HideSolutionNode = FALSE
	EndGlobalSection
	GlobalSection(ExtensibilityGlobals) = postSolution
		SolutionGuid = {A28B6A69-1C55-40DA-8359-82BB233B50B6}
	EndGlobalSection
EndGlobal
